
Microsoft Visual Studio Solution File, Format Version 12.00
# Visual Studio Version 17
VisualStudioVersion = 17.12.35527.113 d17.12
MinimumVisualStudioVersion = 10.0.40219.1
Project("{FAE04EC0-301F-11D3-BF4B-00C04F79EFBC}") = "barbershop_web3", "barbershop_web3.csproj", "{7B31FD85-A0F8-4400-94F7-AE3629D4C599}"
EndProject
Global
	GlobalSection(SolutionConfigurationPlatforms) = preSolution
		Debug|Any CPU = Debug|Any CPU
		Release|Any CPU = Release|Any CPU
	EndGlobalSection
	GlobalSection(ProjectConfigurationPlatforms) = postSolution
		{7B31FD85-A0F8-4400-94F7-AE3629D4C599}.Debug|Any CPU.ActiveCfg = Debug|Any CPU
		{7B31FD85-A0F8-4400-94F7-AE3629D4C599}.Debug|Any CPU.Build.0 = Debug|Any CPU
		{7B31FD85-A0F8-4400-94F7-AE3629D4C599}.Release|Any CPU.ActiveCfg = Release|Any CPU
		{7B31FD85-A0F8-4400-94F7-AE3629D4C599}.Release|Any CPU.Build.0 = Release|Any CPU
	EndGlobalSection
	GlobalSection(SolutionProperties) = preSolution
		HideSolutionNode = FALSE
	EndGlobalSection
EndGlobal
